
Microsoft Visual Studio Solution File, Format Version 12.00
Project("{FAE04EC0-301F-11D3-BF4B-00C04F79EFBC}") = "Burga_T3", "Burga_T3\Burga_T3.csproj", "{C60FCFD4-BE34-4C42-9359-4335163326A5}"
EndProject
Project("{FAE04EC0-301F-11D3-BF4B-00C04F79EFBC}") = "Burga_T3_Pruebas", "Burga_T3_Pruebas\Burga_T3_Pruebas.csproj", "{16A0D34D-9B1F-40CD-99C9-7361DCDF5B6E}"
EndProject
Global
	GlobalSection(SolutionConfigurationPlatforms) = preSolution
		Debug|Any CPU = Debug|Any CPU
		Release|Any CPU = Release|Any CPU
	EndGlobalSection
	GlobalSection(ProjectConfigurationPlatforms) = postSolution
		{C60FCFD4-BE34-4C42-9359-4335163326A5}.Debug|Any CPU.ActiveCfg = Debug|Any CPU
		{C60FCFD4-BE34-4C42-9359-4335163326A5}.Debug|Any CPU.Build.0 = Debug|Any CPU
		{C60FCFD4-BE34-4C42-9359-4335163326A5}.Release|Any CPU.ActiveCfg = Release|Any CPU
		{C60FCFD4-BE34-4C42-9359-4335163326A5}.Release|Any CPU.Build.0 = Release|Any CPU
		{16A0D34D-9B1F-40CD-99C9-7361DCDF5B6E}.Debug|Any CPU.ActiveCfg = Debug|Any CPU
		{16A0D34D-9B1F-40CD-99C9-7361DCDF5B6E}.Debug|Any CPU.Build.0 = Debug|Any CPU
		{16A0D34D-9B1F-40CD-99C9-7361DCDF5B6E}.Release|Any CPU.ActiveCfg = Release|Any CPU
		{16A0D34D-9B1F-40CD-99C9-7361DCDF5B6E}.Release|Any CPU.Build.0 = Release|Any CPU
	EndGlobalSection
EndGlobal
